{
  "name": "health-check-lambda",
  "version": "1.0.0",
  "lockfileVersion": 3,
  "requires": true,
  "packages": {
    "": {
      "name": "health-check-lambda",
      "version": "1.0.0",
      "dependencies": {
        "@app/shared": "file:../../../shared"
      }
    },
    "../../../shared": {
      "name": "@app/shared",
      "version": "1.0.0"
    },
    "node_modules/@app/shared": {
      "resolved": "../../../shared",
      "link": true
    }
  }
}
